
Microsoft Visual Studio Solution File, Format Version 12.00
# Visual Studio Version 16
VisualStudioVersion = 16.0.30523.141
MinimumVisualStudioVersion = 10.0.40219.1
Project("{FAE04EC0-301F-11D3-BF4B-00C04F79EFBC}") = "DrawFunctions", "DrawFunctions\DrawFunctions.csproj", "{626B5F5F-9DA9-4223-B861-D8833FB3F1F7}"
EndProject
Global
	GlobalSection(SolutionConfigurationPlatforms) = preSolution
		Debug|Any CPU = Debug|Any CPU
		Release|Any CPU = Release|Any CPU
	EndGlobalSection
	GlobalSection(ProjectConfigurationPlatforms) = postSolution
		{626B5F5F-9DA9-4223-B861-D8833FB3F1F7}.Debug|Any CPU.ActiveCfg = Debug|Any CPU
		{626B5F5F-9DA9-4223-B861-D8833FB3F1F7}.Debug|Any CPU.Build.0 = Debug|Any CPU
		{626B5F5F-9DA9-4223-B861-D8833FB3F1F7}.Release|Any CPU.ActiveCfg = Release|Any CPU
		{626B5F5F-9DA9-4223-B861-D8833FB3F1F7}.Release|Any CPU.Build.0 = Release|Any CPU
	EndGlobalSection
	GlobalSection(SolutionProperties) = preSolution
		HideSolutionNode = FALSE
	EndGlobalSection
	GlobalSection(ExtensibilityGlobals) = postSolution
		SolutionGuid = {67C36C6A-B1E5-4A30-820B-FD649D2ED644}
	EndGlobalSection
EndGlobal
